{
  "lockfileVersion": 2,
  "configVersion": 0,
  "workspaces": {
    "": {
      "name": "nexa-business-ai",
      "dependencies": {
        "@google/genai": "^2.24.0",
        "cookie-parser": "^1.4.7",
        "csv-parse": "^5.6.0",
        "dotenv": "^16.4.7",
        "ejs": "^3.1.10",
        "express": "^4.21.2",
        "express-session": "^1.18.1",
        "firebase": "^12.19.0",
        "multer": "^1.4.5-lts.1",
      },
      "devDependencies": {
        "@types/cookie-parser": "^1.4.8",
        "@types/ejs": "^3.1.5",
        "@types/express": "^4.17.21",
        "@types/express-session": "^1.18.1",
        "@types/multer": "^1.4.12",
        "@types/node": "^22.13.0",
        "esbuild": "^0.25.0",
        "tsx": "^4.19.2",
        "typescript": "^5.7.3",
      },
    },
  },
  "packages": {
    "@esbuild/linux-x64": ["@esbuild/linux-x64@0.25.12", "", { "os": "linux", "cpu": "x64" }, ""],

    "@firebase/ai": ["@firebase/ai@2.16.0", "", { "dependencies": { "@firebase/app-check-interop-types": "0.3.5", "@firebase/component": "0.7.5", "@firebase/logger": "0.5.2", "@firebase/util": "1.15.3", "tslib": "^2.1.0" }, "peerDependencies": { "@firebase/app": "0.x", "@firebase/app-types": "0.x" } }, ""],

    "@firebase/analytics": ["@firebase/analytics@0.10.25", "", { "dependencies": { "@firebase/component": "0.7.5", "@firebase/installations": "0.6.24", "@firebase/logger": "0.5.2", "@firebase/util": "1.15.3", "tslib": "^2.1.0" }, "peerDependencies": { "@firebase/app": "0.x" } }, ""],

    "@firebase/analytics-compat": ["@firebase/analytics-compat@0.2.31", "", { "dependencies": { "@firebase/analytics": "0.10.25", "@firebase/analytics-types": "0.8.5", "@firebase/component": "0.7.5", "@firebase/util": "1.15.3", "tslib": "^2.1.0" }, "peerDependencies": { "@firebase/app": "0.x", "@firebase/app-compat": "0.x" } }, ""],

    "@firebase/analytics-types": ["@firebase/analytics-types@0.8.5", "", {}, ""],

    "@firebase/app": ["@firebase/app@0.16.2", "", { "dependencies": { "@firebase/component": "0.7.5", "@firebase/logger": "0.5.2", "@firebase/util": "1.15.3", "idb": "7.1.1", "tslib": "^2.1.0" } }, ""],

    "@firebase/app-check": ["@firebase/app-check@0.13.1", "", { "dependencies": { "@firebase/component": "0.7.5", "@firebase/logger": "0.5.2", "@firebase/util": "1.15.3", "tslib": "^2.1.0" }, "peerDependencies": { "@firebase/app": "0.x" } }, ""],

    "@firebase/app-check-compat": ["@firebase/app-check-compat@0.4.7", "", { "dependencies": { "@firebase/app-check": "0.13.1", "@firebase/app-check-types": "0.5.5", "@firebase/component": "0.7.5", "@firebase/logger": "0.5.2", "@firebase/util": "1.15.3", "tslib": "^2.1.0" }, "peerDependencies": { "@firebase/app": "0.x", "@firebase/app-compat": "0.x" } }, ""],

    "@firebase/app-check-interop-types": ["@firebase/app-check-interop-types@0.3.5", "", {}, ""],

    "@firebase/app-check-types": ["@firebase/app-check-types@0.5.5", "", {}, ""],

    "@firebase/app-compat": ["@firebase/app-compat@0.5.18", "", { "dependencies": { "@firebase/app": "0.16.2", "@firebase/component": "0.7.5", "@firebase/logger": "0.5.2", "@firebase/util": "1.15.3", "tslib": "^2.1.0" } }, ""],

    "@firebase/app-types": ["@firebase/app-types@0.9.6", "", { "dependencies": { "@firebase/logger": "0.5.2" } }, ""],

    "@firebase/auth": ["@firebase/auth@1.13.6", "", { "dependencies": { "@firebase/component": "0.7.5", "@firebase/logger": "0.5.2", "@firebase/util": "1.15.3", "tslib": "^2.1.0" }, "peerDependencies": { "@firebase/app": "0.x", "@react-native-async-storage/async-storage": "^2.2.0 || ^3.0.0" }, "optionalPeers": ["@react-native-async-storage/async-storage"] }, ""],

    "@firebase/auth-compat": ["@firebase/auth-compat@0.6.11", "", { "dependencies": { "@firebase/auth": "1.13.6", "@firebase/auth-types": "0.13.2", "@firebase/component": "0.7.5", "@firebase/util": "1.15.3", "tslib": "^2.1.0" }, "peerDependencies": { "@firebase/app": "0.x", "@firebase/app-compat": "0.x" } }, ""],

    "@firebase/auth-interop-types": ["@firebase/auth-interop-types@0.2.6", "", {}, ""],

    "@firebase/auth-types": ["@firebase/auth-types@0.13.2", "", { "peerDependencies": { "@firebase/app-types": "0.x", "@firebase/util": "1.x" } }, ""],

    "@firebase/component": ["@firebase/component@0.7.5", "", { "dependencies": { "@firebase/util": "1.15.3", "tslib": "^2.1.0" } }, ""],

    "@firebase/data-connect": ["@firebase/data-connect@0.7.4", "", { "dependencies": { "@firebase/auth-interop-types": "0.2.6", "@firebase/component": "0.7.5", "@firebase/logger": "0.5.2", "@firebase/util": "1.15.3", "tslib": "^2.1.0" }, "peerDependencies": { "@firebase/app": "0.x" } }, ""],

    "@firebase/database": ["@firebase/database@1.1.5", "", { "dependencies": { "@firebase/app-check-interop-types": "0.3.5", "@firebase/auth-interop-types": "0.2.6", "@firebase/component": "0.7.5", "@firebase/logger": "0.5.2", "@firebase/util": "1.15.3", "faye-websocket": "0.11.4", "tslib": "^2.1.0" } }, ""],

    "@firebase/database-compat": ["@firebase/database-compat@2.1.7", "", { "dependencies": { "@firebase/component": "0.7.5", "@firebase/database": "1.1.5", "@firebase/database-types": "1.0.22", "@firebase/logger": "0.5.2", "@firebase/util": "1.15.3", "tslib": "^2.1.0" }, "peerDependencies": { "@firebase/app": "0.x", "@firebase/app-compat": "0.x" }, "optionalPeers": ["@firebase/app", "@firebase/app-compat"] }, ""],

    "@firebase/database-types": ["@firebase/database-types@1.0.22", "", { "dependencies": { "@firebase/app-types": "0.9.6", "@firebase/util": "1.15.3" } }, ""],

    "@firebase/firestore": ["@firebase/firestore@4.17.2", "", { "dependencies": { "@firebase/component": "0.7.5", "@firebase/logger": "0.5.2", "@firebase/util": "1.15.3", "@firebase/webchannel-wrapper": "1.0.7", "@grpc/grpc-js": "~1.9.0", "@grpc/proto-loader": "^0.7.8", "re2js": "^2.8.3", "tslib": "^2.1.0" }, "peerDependencies": { "@firebase/app": "0.x" } }, ""],

    "@firebase/firestore-compat": ["@firebase/firestore-compat@0.4.14", "", { "dependencies": { "@firebase/component": "0.7.5", "@firebase/firestore": "4.17.2", "@firebase/firestore-types": "3.0.5", "@firebase/util": "1.15.3", "tslib": "^2.1.0" }, "peerDependencies": { "@firebase/app": "0.x", "@firebase/app-compat": "0.x" } }, ""],

    "@firebase/firestore-types": ["@firebase/firestore-types@3.0.5", "", { "peerDependencies": { "@firebase/app-types": "0.x", "@firebase/util": "1.x" } }, ""],

    "@firebase/functions": ["@firebase/functions@0.14.0", "", { "dependencies": { "@firebase/app-check-interop-types": "0.3.5", "@firebase/auth-interop-types": "0.2.6", "@firebase/component": "0.7.5", "@firebase/messaging-interop-types": "0.2.6", "@firebase/util": "1.15.3", "tslib": "^2.1.0" }, "peerDependencies": { "@firebase/app": "0.x" } }, ""],

    "@firebase/functions-compat": ["@firebase/functions-compat@0.5.0", "", { "dependencies": { "@firebase/component": "0.7.5", "@firebase/functions": "0.14.0", "@firebase/functions-types": "0.6.5", "@firebase/util": "1.15.3", "tslib": "^2.1.0" }, "peerDependencies": { "@firebase/app": "0.x", "@firebase/app-compat": "0.x" } }, ""],

    "@firebase/functions-types": ["@firebase/functions-types@0.6.5", "", {}, ""],

    "@firebase/installations": ["@firebase/installations@0.6.24", "", { "dependencies": { "@firebase/component": "0.7.5", "@firebase/util": "1.15.3", "idb": "7.1.1", "tslib": "^2.1.0" }, "peerDependencies": { "@firebase/app": "0.x" } }, ""],

    "@firebase/installations-compat": ["@firebase/installations-compat@0.2.24", "", { "dependencies": { "@firebase/component": "0.7.5", "@firebase/installations": "0.6.24", "@firebase/installations-types": "0.5.5", "@firebase/util": "1.15.3", "tslib": "^2.1.0" }, "peerDependencies": { "@firebase/app": "0.x", "@firebase/app-compat": "0.x" } }, ""],

    "@firebase/installations-types": ["@firebase/installations-types@0.5.5", "", { "peerDependencies": { "@firebase/app-types": "0.x" } }, ""],

    "@firebase/logger": ["@firebase/logger@0.5.2", "", { "dependencies": { "tslib": "^2.1.0" } }, ""],

    "@firebase/messaging": ["@firebase/messaging@0.13.3", "", { "dependencies": { "@firebase/component": "0.7.5", "@firebase/installations": "0.6.24", "@firebase/messaging-interop-types": "0.2.6", "@firebase/util": "1.15.3", "idb": "7.1.1", "tslib": "^2.1.0" }, "peerDependencies": { "@firebase/app": "0.x" } }, ""],

    "@firebase/messaging-compat": ["@firebase/messaging-compat@0.2.30", "", { "dependencies": { "@firebase/component": "0.7.5", "@firebase/messaging": "0.13.3", "@firebase/util": "1.15.3", "tslib": "^2.1.0" }, "peerDependencies": { "@firebase/app": "0.x", "@firebase/app-compat": "0.x" } }, ""],

    "@firebase/messaging-interop-types": ["@firebase/messaging-interop-types@0.2.6", "", {}, ""],

    "@firebase/performance": ["@firebase/performance@0.7.14", "", { "dependencies": { "@firebase/component": "0.7.5", "@firebase/installations": "0.6.24", "@firebase/logger": "0.5.2", "@firebase/util": "1.15.3", "tslib": "^2.1.0", "web-vitals": "^4.2.4" }, "peerDependencies": { "@firebase/app": "0.x" } }, ""],

    "@firebase/performance-compat": ["@firebase/performance-compat@0.2.27", "", { "dependencies": { "@firebase/component": "0.7.5", "@firebase/logger": "0.5.2", "@firebase/performance": "0.7.14", "@firebase/performance-types": "0.2.5", "@firebase/util": "1.15.3", "tslib": "^2.1.0" }, "peerDependencies": { "@firebase/app": "0.x", "@firebase/app-compat": "0.x" } }, ""],

    "@firebase/performance-types": ["@firebase/performance-types@0.2.5", "", {}, ""],

    "@firebase/remote-config": ["@firebase/remote-config@0.9.2", "", { "dependencies": { "@firebase/component": "0.7.5", "@firebase/installations": "0.6.24", "@firebase/logger": "0.5.2", "@firebase/util": "1.15.3", "tslib": "^2.1.0" }, "peerDependencies": { "@firebase/app": "0.x" } }, ""],

    "@firebase/remote-config-compat": ["@firebase/remote-config-compat@0.2.29", "", { "dependencies": { "@firebase/component": "0.7.5", "@firebase/logger": "0.5.2", "@firebase/remote-config": "0.9.2", "@firebase/remote-config-types": "0.5.2", "@firebase/util": "1.15.3", "tslib": "^2.1.0" }, "peerDependencies": { "@firebase/app": "0.x", "@firebase/app-compat": "0.x" } }, ""],

    "@firebase/remote-config-types": ["@firebase/remote-config-types@0.5.2", "", {}, ""],

    "@firebase/storage": ["@firebase/storage@0.14.5", "", { "dependencies": { "@firebase/component": "0.7.5", "@firebase/util": "1.15.3", "tslib": "^2.1.0" }, "peerDependencies": { "@firebase/app": "0.x" } }, ""],

    "@firebase/storage-compat": ["@firebase/storage-compat@0.4.5", "", { "dependencies": { "@firebase/component": "0.7.5", "@firebase/storage": "0.14.5", "@firebase/storage-types": "0.8.5", "@firebase/util": "1.15.3", "tslib": "^2.1.0" }, "peerDependencies": { "@firebase/app": "0.x", "@firebase/app-compat": "0.x" } }, ""],

    "@firebase/storage-types": ["@firebase/storage-types@0.8.5", "", { "peerDependencies": { "@firebase/app-types": "0.x", "@firebase/util": "1.x" } }, ""],

    "@firebase/util": ["@firebase/util@1.15.3", "", { "dependencies": { "tslib": "^2.1.0" } }, ""],

    "@firebase/webchannel-wrapper": ["@firebase/webchannel-wrapper@1.0.7", "", {}, ""],

    "@google/genai": ["@google/genai@2.24.0", "", { "dependencies": { "google-auth-library": "^10.3.0", "p-retry": "^4.6.2", "protobufjs": "^7.5.4", "ws": "^8.18.0" }, "peerDependencies": { "@modelcontextprotocol/sdk": "^1.25.2" }, "optionalPeers": ["@modelcontextprotocol/sdk"] }, ""],

    "@grpc/grpc-js": ["@grpc/grpc-js@1.9.16", "", { "dependencies": { "@grpc/proto-loader": "^0.7.8", "@types/node": ">=12.12.47" } }, ""],

    "@grpc/proto-loader": ["@grpc/proto-loader@0.7.15", "", { "dependencies": { "lodash.camelcase": "^4.3.0", "long": "^5.0.0", "protobufjs": "^7.2.5", "yargs": "^17.7.2" }, "bin": { "proto-loader-gen-types": "build/bin/proto-loader-gen-types.js" } }, ""],

    "@protobufjs/aspromise": ["@protobufjs/aspromise@1.1.2", "", {}, ""],

    "@protobufjs/base64": ["@protobufjs/base64@1.1.2", "", {}, ""],

    "@protobufjs/codegen": ["@protobufjs/codegen@2.0.5", "", {}, ""],

    "@protobufjs/eventemitter": ["@protobufjs/eventemitter@1.1.1", "", {}, ""],

    "@protobufjs/fetch": ["@protobufjs/fetch@1.1.1", "", { "dependencies": { "@protobufjs/aspromise": "^1.1.1" } }, ""],

    "@protobufjs/float": ["@protobufjs/float@1.0.2", "", {}, ""],

    "@protobufjs/path": ["@protobufjs/path@1.1.2", "", {}, ""],

    "@protobufjs/pool": ["@protobufjs/pool@1.1.0", "", {}, ""],

    "@protobufjs/utf8": ["@protobufjs/utf8@1.1.2", "", {}, ""],

    "@types/body-parser": ["@types/body-parser@1.19.6", "", { "dependencies": { "@types/connect": "*", "@types/node": "*" } }, ""],

    "@types/connect": ["@types/connect@3.4.38", "", { "dependencies": { "@types/node": "*" } }, ""],

    "@types/cookie-parser": ["@types/cookie-parser@1.4.10", "", { "peerDependencies": { "@types/express": "*" } }, ""],

    "@types/ejs": ["@types/ejs@3.1.5", "", {}, ""],

    "@types/express": ["@types/express@4.17.25", "", { "dependencies": { "@types/body-parser": "*", "@types/express-serve-static-core": "^4.17.33", "@types/qs": "*", "@types/serve-static": "^1" } }, ""],

    "@types/express-serve-static-core": ["@types/express-serve-static-core@4.19.9", "", { "dependencies": { "@types/node": "*", "@types/qs": "*", "@types/range-parser": "*", "@types/send": "*" } }, ""],

    "@types/express-session": ["@types/express-session@1.19.0", "", { "dependencies": { "@types/express": "*" } }, ""],

    "@types/http-errors": ["@types/http-errors@2.0.5", "", {}, ""],

    "@types/mime": ["@types/mime@1.3.5", "", {}, ""],

    "@types/multer": ["@types/multer@1.4.13", "", { "dependencies": { "@types/express": "*" } }, ""],

    "@types/node": ["@types/node@22.20.4", "", { "dependencies": { "undici-types": "~6.21.0" } }, ""],

    "@types/qs": ["@types/qs@6.15.1", "", {}, ""],

    "@types/range-parser": ["@types/range-parser@1.2.7", "", {}, ""],

    "@types/retry": ["@types/retry@0.12.0", "", {}, ""],

    "@types/send": ["@types/send@1.2.1", "", { "dependencies": { "@types/node": "*" } }, ""],

    "@types/serve-static": ["@types/serve-static@1.15.10", "", { "dependencies": { "@types/http-errors": "*", "@types/node": "*", "@types/send": "<1" } }, ""],

    "accepts": ["accepts@1.3.8", "", { "dependencies": { "mime-types": "~2.1.34", "negotiator": "0.6.3" } }, ""],

    "agent-base": ["agent-base@7.1.4", "", {}, ""],

    "ansi-regex": ["ansi-regex@5.0.1", "", {}, ""],

    "ansi-styles": ["ansi-styles@4.3.0", "", { "dependencies": { "color-convert": "^2.0.1" } }, ""],

    "append-field": ["append-field@1.0.0", "", {}, ""],

    "array-flatten": ["array-flatten@1.1.1", "", {}, ""],

    "async": ["async@3.2.6", "", {}, ""],

    "balanced-match": ["balanced-match@1.0.2", "", {}, ""],

    "base64-js": ["base64-js@1.5.1", "", {}, ""],

    "bignumber.js": ["bignumber.js@9.3.1", "", {}, ""],

    "body-parser": ["body-parser@1.20.8", "", { "dependencies": { "bytes": "~3.1.2", "content-type": "~1.0.5", "debug": "2.6.9", "depd": "2.0.0", "destroy": "~1.2.0", "http-errors": "~2.0.1", "iconv-lite": "~0.4.24", "on-finished": "~2.4.1", "qs": "~6.16.0", "raw-body": "~2.5.3", "type-is": "~1.6.18", "unpipe": "~1.0.0" } }, ""],

    "brace-expansion": ["brace-expansion@2.1.7", "", { "dependencies": { "balanced-match": "^1.0.0" } }, ""],

    "buffer-equal-constant-time": ["buffer-equal-constant-time@1.0.1", "", {}, ""],

    "buffer-from": ["buffer-from@1.1.2", "", {}, ""],

    "busboy": ["busboy@1.6.0", "", { "dependencies": { "streamsearch": "^1.1.0" } }, ""],

    "bytes": ["bytes@3.1.2", "", {}, ""],

    "call-bind-apply-helpers": ["call-bind-apply-helpers@1.0.2", "", { "dependencies": { "es-errors": "^1.3.0", "function-bind": "^1.1.2" } }, ""],

    "call-bound": ["call-bound@1.0.4", "", { "dependencies": { "call-bind-apply-helpers": "^1.0.2", "get-intrinsic": "^1.3.0" } }, ""],

    "cliui": ["cliui@8.0.1", "", { "dependencies": { "string-width": "^4.2.0", "strip-ansi": "^6.0.1", "wrap-ansi": "^7.0.0" } }, ""],

    "color-convert": ["color-convert@2.0.1", "", { "dependencies": { "color-name": "~1.1.4" } }, ""],

    "color-name": ["color-name@1.1.4", "", {}, ""],

    "concat-stream": ["concat-stream@1.6.2", "", { "dependencies": { "buffer-from": "^1.0.0", "inherits": "^2.0.3", "readable-stream": "^2.2.2", "typedarray": "^0.0.6" } }, ""],

    "content-disposition": ["content-disposition@0.5.4", "", { "dependencies": { "safe-buffer": "5.2.1" } }, ""],

    "content-type": ["content-type@1.0.5", "", {}, ""],

    "cookie": ["cookie@0.7.2", "", {}, ""],

    "cookie-parser": ["cookie-parser@1.4.7", "", { "dependencies": { "cookie": "0.7.2", "cookie-signature": "1.0.6" } }, ""],

    "cookie-signature": ["cookie-signature@1.0.6", "", {}, ""],

    "core-util-is": ["core-util-is@1.0.3", "", {}, ""],

    "csv-parse": ["csv-parse@5.6.0", "", {}, ""],

    "data-uri-to-buffer": ["data-uri-to-buffer@4.0.1", "", {}, ""],

    "debug": ["debug@2.6.9", "", { "dependencies": { "ms": "2.0.0" } }, ""],

    "depd": ["depd@2.0.0", "", {}, ""],

    "destroy": ["destroy@1.2.0", "", {}, ""],

    "dotenv": ["dotenv@16.6.1", "", {}, ""],

    "dunder-proto": ["dunder-proto@1.0.1", "", { "dependencies": { "call-bind-apply-helpers": "^1.0.1", "es-errors": "^1.3.0", "gopd": "^1.2.0" } }, ""],

    "ecdsa-sig-formatter": ["ecdsa-sig-formatter@1.0.11", "", { "dependencies": { "safe-buffer": "^5.0.1" } }, ""],

    "ee-first": ["ee-first@1.1.1", "", {}, ""],

    "ejs": ["ejs@3.1.10", "", { "dependencies": { "jake": "^10.8.5" }, "bin": "bin/cli.js" }, ""],

    "emoji-regex": ["emoji-regex@8.0.0", "", {}, ""],

    "encodeurl": ["encodeurl@2.0.0", "", {}, ""],

    "es-define-property": ["es-define-property@1.0.1", "", {}, ""],

    "es-errors": ["es-errors@1.3.0", "", {}, ""],

    "es-object-atoms": ["es-object-atoms@1.1.2", "", { "dependencies": { "es-errors": "^1.3.0" } }, ""],

    "esbuild": ["esbuild@0.25.12", "", { "optionalDependencies": { "@esbuild/aix-ppc64": "0.25.12", "@esbuild/android-arm": "0.25.12", "@esbuild/android-arm64": "0.25.12", "@esbuild/android-x64": "0.25.12", "@esbuild/darwin-arm64": "0.25.12", "@esbuild/darwin-x64": "0.25.12", "@esbuild/freebsd-arm64": "0.25.12", "@esbuild/freebsd-x64": "0.25.12", "@esbuild/linux-arm": "0.25.12", "@esbuild/linux-arm64": "0.25.12", "@esbuild/linux-ia32": "0.25.12", "@esbuild/linux-loong64": "0.25.12", "@esbuild/linux-mips64el": "0.25.12", "@esbuild/linux-ppc64": "0.25.12", "@esbuild/linux-riscv64": "0.25.12", "@esbuild/linux-s390x": "0.25.12", "@esbuild/linux-x64": "0.25.12", "@esbuild/netbsd-arm64": "0.25.12", "@esbuild/netbsd-x64": "0.25.12", "@esbuild/openbsd-arm64": "0.25.12", "@esbuild/openbsd-x64": "0.25.12", "@esbuild/openharmony-arm64": "0.25.12", "@esbuild/sunos-x64": "0.25.12", "@esbuild/win32-arm64": "0.25.12", "@esbuild/win32-ia32": "0.25.12", "@esbuild/win32-x64": "0.25.12" }, "bin": "bin/esbuild" }, ""],

    "escalade": ["escalade@3.2.0", "", {}, ""],

    "escape-html": ["escape-html@1.0.3", "", {}, ""],

    "etag": ["etag@1.8.1", "", {}, ""],

    "express": ["express@4.22.3", "", { "dependencies": { "accepts": "~1.3.8", "array-flatten": "1.1.1", "body-parser": "~1.20.5", "content-disposition": "~0.5.4", "content-type": "~1.0.4", "cookie": "~0.7.1", "cookie-signature": "~1.0.6", "debug": "2.6.9", "depd": "2.0.0", "encodeurl": "~2.0.0", "escape-html": "~1.0.3", "etag": "~1.8.1", "finalhandler": "~1.3.1", "fresh": "~0.5.2", "http-errors": "~2.0.0", "merge-descriptors": "1.0.3", "methods": "~1.1.2", "on-finished": "~2.4.1", "parseurl": "~1.3.3", "path-to-regexp": "~0.1.13", "proxy-addr": "~2.0.7", "qs": "~6.16.0", "range-parser": "~1.2.1", "safe-buffer": "5.2.1", "send": "~0.19.0", "serve-static": "~1.16.2", "setprototypeof": "1.2.0", "statuses": "~2.0.1", "type-is": "~1.6.18", "utils-merge": "1.0.1", "vary": "~1.1.2" } }, ""],

    "express-session": ["express-session@1.19.0", "", { "dependencies": { "cookie": "~0.7.2", "cookie-signature": "~1.0.7", "debug": "~2.6.9", "depd": "~2.0.0", "on-headers": "~1.1.0", "parseurl": "~1.3.3", "safe-buffer": "~5.2.1", "uid-safe": "~2.1.5" } }, ""],

    "extend": ["extend@3.0.2", "", {}, ""],

    "faye-websocket": ["faye-websocket@0.11.4", "", { "dependencies": { "websocket-driver": ">=0.5.1" } }, ""],

    "fetch-blob": ["fetch-blob@3.2.0", "", { "dependencies": { "node-domexception": "^1.0.0", "web-streams-polyfill": "^3.0.3" } }, ""],

    "filelist": ["filelist@1.0.6", "", { "dependencies": { "minimatch": "^5.0.1" } }, ""],

    "finalhandler": ["finalhandler@1.3.2", "", { "dependencies": { "debug": "2.6.9", "encodeurl": "~2.0.0", "escape-html": "~1.0.3", "on-finished": "~2.4.1", "parseurl": "~1.3.3", "statuses": "~2.0.2", "unpipe": "~1.0.0" } }, ""],

    "firebase": ["firebase@12.19.0", "", { "dependencies": { "@firebase/ai": "2.16.0", "@firebase/analytics": "0.10.25", "@firebase/analytics-compat": "0.2.31", "@firebase/app": "0.16.2", "@firebase/app-check": "0.13.1", "@firebase/app-check-compat": "0.4.7", "@firebase/app-compat": "0.5.18", "@firebase/app-types": "0.9.6", "@firebase/auth": "1.13.6", "@firebase/auth-compat": "0.6.11", "@firebase/data-connect": "0.7.4", "@firebase/database": "1.1.5", "@firebase/database-compat": "2.1.7", "@firebase/firestore": "4.17.2", "@firebase/firestore-compat": "0.4.14", "@firebase/functions": "0.14.0", "@firebase/functions-compat": "0.5.0", "@firebase/installations": "0.6.24", "@firebase/installations-compat": "0.2.24", "@firebase/messaging": "0.13.3", "@firebase/messaging-compat": "0.2.30", "@firebase/performance": "0.7.14", "@firebase/performance-compat": "0.2.27", "@firebase/remote-config": "0.9.2", "@firebase/remote-config-compat": "0.2.29", "@firebase/storage": "0.14.5", "@firebase/storage-compat": "0.4.5", "@firebase/util": "1.15.3" } }, ""],

    "formdata-polyfill": ["formdata-polyfill@4.0.10", "", { "dependencies": { "fetch-blob": "^3.1.2" } }, ""],

    "forwarded": ["forwarded@0.2.0", "", {}, ""],

    "fresh": ["fresh@0.5.2", "", {}, ""],

    "function-bind": ["function-bind@1.1.2", "", {}, ""],

    "gaxios": ["gaxios@7.3.1", "", { "dependencies": { "extend": "^3.0.2", "https-proxy-agent": "^7.0.1", "node-fetch": "^3.3.2" } }, ""],

    "gcp-metadata": ["gcp-metadata@8.1.2", "", { "dependencies": { "gaxios": "^7.0.0", "google-logging-utils": "^1.0.0", "json-bigint": "^1.0.0" } }, ""],

    "get-caller-file": ["get-caller-file@2.0.5", "", {}, ""],

    "get-intrinsic": ["get-intrinsic@1.3.0", "", { "dependencies": { "call-bind-apply-helpers": "^1.0.2", "es-define-property": "^1.0.1", "es-errors": "^1.3.0", "es-object-atoms": "^1.1.1", "function-bind": "^1.1.2", "get-proto": "^1.0.1", "gopd": "^1.2.0", "has-symbols": "^1.1.0", "hasown": "^2.0.2", "math-intrinsics": "^1.1.0" } }, ""],

    "get-proto": ["get-proto@1.0.1", "", { "dependencies": { "dunder-proto": "^1.0.1", "es-object-atoms": "^1.0.0" } }, ""],

    "google-auth-library": ["google-auth-library@10.9.1", "", { "dependencies": { "base64-js": "^1.3.0", "ecdsa-sig-formatter": "^1.0.11", "gaxios": "^7.1.4", "gcp-metadata": "8.1.2", "google-logging-utils": "1.1.3", "jws": "^4.0.0" } }, ""],

    "google-logging-utils": ["google-logging-utils@1.1.3", "", {}, ""],

    "gopd": ["gopd@1.2.0", "", {}, ""],

    "has-symbols": ["has-symbols@1.1.0", "", {}, ""],

    "hasown": ["hasown@2.0.4", "", { "dependencies": { "function-bind": "^1.1.2" } }, ""],

    "http-errors": ["http-errors@2.0.1", "", { "dependencies": { "depd": "~2.0.0", "inherits": "~2.0.4", "setprototypeof": "~1.2.0", "statuses": "~2.0.2", "toidentifier": "~1.0.1" } }, ""],

    "http-parser-js": ["http-parser-js@0.5.10", "", {}, ""],

    "https-proxy-agent": ["https-proxy-agent@7.0.6", "", { "dependencies": { "agent-base": "^7.1.2", "debug": "4" } }, ""],

    "iconv-lite": ["iconv-lite@0.4.24", "", { "dependencies": { "safer-buffer": ">= 2.1.2 < 3" } }, ""],

    "idb": ["idb@7.1.1", "", {}, ""],

    "inherits": ["inherits@2.0.4", "", {}, ""],

    "ipaddr.js": ["ipaddr.js@1.9.1", "", {}, ""],

    "is-fullwidth-code-point": ["is-fullwidth-code-point@3.0.0", "", {}, ""],

    "isarray": ["isarray@1.0.0", "", {}, ""],

    "jake": ["jake@10.9.4", "", { "dependencies": { "async": "^3.2.6", "filelist": "^1.0.4", "picocolors": "^1.1.1" }, "bin": "bin/cli.js" }, ""],

    "json-bigint": ["json-bigint@1.0.0", "", { "dependencies": { "bignumber.js": "^9.0.0" } }, ""],

    "jwa": ["jwa@2.0.1", "", { "dependencies": { "buffer-equal-constant-time": "^1.0.1", "ecdsa-sig-formatter": "1.0.11", "safe-buffer": "^5.0.1" } }, ""],

    "jws": ["jws@4.0.1", "", { "dependencies": { "jwa": "^2.0.1", "safe-buffer": "^5.0.1" } }, ""],

    "lodash.camelcase": ["lodash.camelcase@4.3.0", "", {}, ""],

    "long": ["long@5.3.2", "", {}, ""],

    "math-intrinsics": ["math-intrinsics@1.1.0", "", {}, ""],

    "media-typer": ["media-typer@0.3.0", "", {}, ""],

    "merge-descriptors": ["merge-descriptors@1.0.3", "", {}, ""],

    "methods": ["methods@1.1.2", "", {}, ""],

    "mime": ["mime@1.6.0", "", { "bin": "cli.js" }, ""],

    "mime-db": ["mime-db@1.52.0", "", {}, ""],

    "mime-types": ["mime-types@2.1.35", "", { "dependencies": { "mime-db": "1.52.0" } }, ""],

    "minimatch": ["minimatch@5.1.9", "", { "dependencies": { "brace-expansion": "^2.0.1" } }, ""],

    "minimist": ["minimist@1.2.8", "", {}, ""],

    "mkdirp": ["mkdirp@0.5.6", "", { "dependencies": { "minimist": "^1.2.6" }, "bin": "bin/cmd.js" }, ""],

    "ms": ["ms@2.0.0", "", {}, ""],

    "multer": ["multer@1.4.5-lts.2", "", { "dependencies": { "append-field": "^1.0.0", "busboy": "^1.0.0", "concat-stream": "^1.5.2", "mkdirp": "^0.5.4", "object-assign": "^4.1.1", "type-is": "^1.6.4", "xtend": "^4.0.0" } }, ""],

    "negotiator": ["negotiator@0.6.3", "", {}, ""],

    "node-domexception": ["node-domexception@1.0.0", "", {}, ""],

    "node-fetch": ["node-fetch@3.3.2", "", { "dependencies": { "data-uri-to-buffer": "^4.0.0", "fetch-blob": "^3.1.4", "formdata-polyfill": "^4.0.10" } }, ""],

    "object-assign": ["object-assign@4.1.1", "", {}, ""],

    "object-inspect": ["object-inspect@1.13.4", "", {}, ""],

    "on-finished": ["on-finished@2.4.1", "", { "dependencies": { "ee-first": "1.1.1" } }, ""],

    "on-headers": ["on-headers@1.1.0", "", {}, ""],

    "p-retry": ["p-retry@4.6.2", "", { "dependencies": { "@types/retry": "0.12.0", "retry": "^0.13.1" } }, ""],

    "parseurl": ["parseurl@1.3.3", "", {}, ""],

    "path-to-regexp": ["path-to-regexp@0.1.13", "", {}, ""],

    "picocolors": ["picocolors@1.1.1", "", {}, ""],

    "process-nextick-args": ["process-nextick-args@2.0.1", "", {}, ""],

    "protobufjs": ["protobufjs@7.6.6", "", { "dependencies": { "@protobufjs/aspromise": "^1.1.2", "@protobufjs/base64": "^1.1.2", "@protobufjs/codegen": "^2.0.5", "@protobufjs/eventemitter": "^1.1.1", "@protobufjs/fetch": "^1.1.1", "@protobufjs/float": "^1.0.2", "@protobufjs/path": "^1.1.2", "@protobufjs/pool": "^1.1.0", "@protobufjs/utf8": "^1.1.1", "@types/node": ">=13.7.0", "long": "^5.3.2" } }, ""],

    "proxy-addr": ["proxy-addr@2.0.8", "", { "dependencies": { "forwarded": "0.2.0", "ipaddr.js": "1.9.1" } }, ""],

    "qs": ["qs@6.16.0", "", { "dependencies": { "es-define-property": "^1.0.1", "side-channel": "^1.1.1" } }, ""],

    "random-bytes": ["random-bytes@1.0.0", "", {}, ""],

    "range-parser": ["range-parser@1.2.1", "", {}, ""],

    "raw-body": ["raw-body@2.5.3", "", { "dependencies": { "bytes": "~3.1.2", "http-errors": "~2.0.1", "iconv-lite": "~0.4.24", "unpipe": "~1.0.0" } }, ""],

    "re2js": ["re2js@2.8.6", "", {}, ""],

    "readable-stream": ["readable-stream@2.3.8", "", { "dependencies": { "core-util-is": "~1.0.0", "inherits": "~2.0.3", "isarray": "~1.0.0", "process-nextick-args": "~2.0.0", "safe-buffer": "~5.1.1", "string_decoder": "~1.1.1", "util-deprecate": "~1.0.1" } }, ""],

    "require-directory": ["require-directory@2.1.1", "", {}, ""],

    "retry": ["retry@0.13.1", "", {}, ""],

    "safe-buffer": ["safe-buffer@5.2.1", "", {}, ""],

    "safer-buffer": ["safer-buffer@2.1.2", "", {}, ""],

    "send": ["send@0.19.2", "", { "dependencies": { "debug": "2.6.9", "depd": "2.0.0", "destroy": "1.2.0", "encodeurl": "~2.0.0", "escape-html": "~1.0.3", "etag": "~1.8.1", "fresh": "~0.5.2", "http-errors": "~2.0.1", "mime": "1.6.0", "ms": "2.1.3", "on-finished": "~2.4.1", "range-parser": "~1.2.1", "statuses": "~2.0.2" } }, ""],

    "serve-static": ["serve-static@1.16.3", "", { "dependencies": { "encodeurl": "~2.0.0", "escape-html": "~1.0.3", "parseurl": "~1.3.3", "send": "~0.19.1" } }, ""],

    "setprototypeof": ["setprototypeof@1.2.0", "", {}, ""],

    "side-channel": ["side-channel@1.1.1", "", { "dependencies": { "es-errors": "^1.3.0", "object-inspect": "^1.13.4", "side-channel-list": "^1.0.1", "side-channel-map": "^1.0.1", "side-channel-weakmap": "^1.0.2" } }, ""],

    "side-channel-list": ["side-channel-list@1.0.1", "", { "dependencies": { "es-errors": "^1.3.0", "object-inspect": "^1.13.4" } }, ""],

    "side-channel-map": ["side-channel-map@1.0.1", "", { "dependencies": { "call-bound": "^1.0.2", "es-errors": "^1.3.0", "get-intrinsic": "^1.2.5", "object-inspect": "^1.13.3" } }, ""],

    "side-channel-weakmap": ["side-channel-weakmap@1.0.2", "", { "dependencies": { "call-bound": "^1.0.2", "es-errors": "^1.3.0", "get-intrinsic": "^1.2.5", "object-inspect": "^1.13.3", "side-channel-map": "^1.0.1" } }, ""],

    "statuses": ["statuses@2.0.2", "", {}, ""],

    "streamsearch": ["streamsearch@1.1.0", "", {}, ""],

    "string-width": ["string-width@4.2.3", "", { "dependencies": { "emoji-regex": "^8.0.0", "is-fullwidth-code-point": "^3.0.0", "strip-ansi": "^6.0.1" } }, ""],

    "string_decoder": ["string_decoder@1.1.1", "", { "dependencies": { "safe-buffer": "~5.1.0" } }, ""],

    "strip-ansi": ["strip-ansi@6.0.1", "", { "dependencies": { "ansi-regex": "^5.0.1" } }, ""],

    "toidentifier": ["toidentifier@1.0.1", "", {}, ""],

    "tslib": ["tslib@2.8.1", "", {}, ""],

    "tsx": ["tsx@4.23.15", "", { "dependencies": { "esbuild": "~0.28.0" }, "optionalDependencies": { "fsevents": "~2.3.3" }, "bin": "dist/cli.mjs" }, ""],

    "type-is": ["type-is@1.6.18", "", { "dependencies": { "media-typer": "0.3.0", "mime-types": "~2.1.24" } }, ""],

    "typedarray": ["typedarray@0.0.6", "", {}, ""],

    "typescript": ["typescript@5.9.3", "", { "bin": { "tsc": "bin/tsc", "tsserver": "bin/tsserver" } }, ""],

    "uid-safe": ["uid-safe@2.1.5", "", { "dependencies": { "random-bytes": "~1.0.0" } }, ""],

    "undici-types": ["undici-types@6.21.0", "", {}, ""],

    "unpipe": ["unpipe@1.0.0", "", {}, ""],

    "util-deprecate": ["util-deprecate@1.0.2", "", {}, ""],

    "utils-merge": ["utils-merge@1.0.1", "", {}, ""],

    "vary": ["vary@1.1.2", "", {}, ""],

    "web-streams-polyfill": ["web-streams-polyfill@3.3.3", "", {}, ""],

    "web-vitals": ["web-vitals@4.2.4", "", {}, ""],

    "websocket-driver": ["websocket-driver@0.7.5", "", { "dependencies": { "http-parser-js": ">=0.5.1", "safe-buffer": ">=5.1.0", "websocket-extensions": ">=0.1.1" } }, ""],

    "websocket-extensions": ["websocket-extensions@0.1.4", "", {}, ""],

    "wrap-ansi": ["wrap-ansi@7.0.0", "", { "dependencies": { "ansi-styles": "^4.0.0", "string-width": "^4.1.0", "strip-ansi": "^6.0.0" } }, ""],

    "ws": ["ws@8.21.3", "", { "peerDependencies": { "bufferutil": "^4.0.1", "utf-8-validate": ">=5.0.2" }, "optionalPeers": ["bufferutil", "utf-8-validate"] }, ""],

    "xtend": ["xtend@4.0.2", "", {}, ""],

    "y18n": ["y18n@5.0.8", "", {}, ""],

    "yargs": ["yargs@17.7.3", "", { "dependencies": { "cliui": "^8.0.1", "escalade": "^3.1.1", "get-caller-file": "^2.0.5", "require-directory": "^2.1.1", "string-width": "^4.2.3", "y18n": "^5.0.5", "yargs-parser": "^21.1.1" } }, ""],

    "yargs-parser": ["yargs-parser@21.1.1", "", {}, ""],

    "@grpc/grpc-js/@types/node": ["@types/node@26.6.2", "", { "dependencies": { "undici-types": "~8.9.0" } }, ""],

    "@types/body-parser/@types/node": ["@types/node@26.6.2", "", { "dependencies": { "undici-types": "~8.9.0" } }, ""],

    "@types/connect/@types/node": ["@types/node@26.6.2", "", { "dependencies": { "undici-types": "~8.9.0" } }, ""],

    "@types/express-serve-static-core/@types/node": ["@types/node@26.6.2", "", { "dependencies": { "undici-types": "~8.9.0" } }, ""],

    "@types/express-session/@types/express": ["@types/express@5.0.6", "", { "dependencies": { "@types/body-parser": "*", "@types/express-serve-static-core": "^5.0.0", "@types/serve-static": "^2" } }, ""],

    "@types/multer/@types/express": ["@types/express@5.0.6", "", { "dependencies": { "@types/body-parser": "*", "@types/express-serve-static-core": "^5.0.0", "@types/serve-static": "^2" } }, ""],

    "@types/send/@types/node": ["@types/node@26.6.2", "", { "dependencies": { "undici-types": "~8.9.0" } }, ""],

    "@types/serve-static/@types/node": ["@types/node@26.6.2", "", { "dependencies": { "undici-types": "~8.9.0" } }, ""],

    "@types/serve-static/@types/send": ["@types/send@0.17.6", "", { "dependencies": { "@types/mime": "^1", "@types/node": "*" } }, ""],

    "express-session/cookie-signature": ["cookie-signature@1.0.7", "", {}, ""],

    "https-proxy-agent/debug": ["debug@4.4.3", "", { "dependencies": { "ms": "^2.1.3" } }, ""],

    "protobufjs/@types/node": ["@types/node@26.6.2", "", { "dependencies": { "undici-types": "~8.9.0" } }, ""],

    "readable-stream/safe-buffer": ["safe-buffer@5.1.2", "", {}, ""],

    "send/ms": ["ms@2.1.3", "", {}, ""],

    "string_decoder/safe-buffer": ["safe-buffer@5.1.2", "", {}, ""],

    "tsx/esbuild": ["esbuild@0.28.2", "", { "optionalDependencies": { "@esbuild/aix-ppc64": "0.28.2", "@esbuild/android-arm": "0.28.2", "@esbuild/android-arm64": "0.28.2", "@esbuild/android-x64": "0.28.2", "@esbuild/darwin-arm64": "0.28.2", "@esbuild/darwin-x64": "0.28.2", "@esbuild/freebsd-arm64": "0.28.2", "@esbuild/freebsd-x64": "0.28.2", "@esbuild/linux-arm": "0.28.2", "@esbuild/linux-arm64": "0.28.2", "@esbuild/linux-ia32": "0.28.2", "@esbuild/linux-loong64": "0.28.2", "@esbuild/linux-mips64el": "0.28.2", "@esbuild/linux-ppc64": "0.28.2", "@esbuild/linux-riscv64": "0.28.2", "@esbuild/linux-s390x": "0.28.2", "@esbuild/linux-x64": "0.28.2", "@esbuild/netbsd-arm64": "0.28.2", "@esbuild/netbsd-x64": "0.28.2", "@esbuild/openbsd-arm64": "0.28.2", "@esbuild/openbsd-x64": "0.28.2", "@esbuild/openharmony-arm64": "0.28.2", "@esbuild/sunos-x64": "0.28.2", "@esbuild/win32-arm64": "0.28.2", "@esbuild/win32-ia32": "0.28.2", "@esbuild/win32-x64": "0.28.2" }, "bin": "bin/esbuild" }, ""],

    "@grpc/grpc-js/@types/node/undici-types": ["undici-types@8.9.0", "", {}, ""],

    "@types/body-parser/@types/node/undici-types": ["undici-types@8.9.0", "", {}, ""],

    "@types/connect/@types/node/undici-types": ["undici-types@8.9.0", "", {}, ""],

    "@types/express-serve-static-core/@types/node/undici-types": ["undici-types@8.9.0", "", {}, ""],

    "@types/express-session/@types/express/@types/express-serve-static-core": ["@types/express-serve-static-core@5.1.3", "", { "dependencies": { "@types/node": "*", "@types/qs": "*", "@types/range-parser": "*", "@types/send": "*" } }, ""],

    "@types/express-session/@types/express/@types/serve-static": ["@types/serve-static@2.2.0", "", { "dependencies": { "@types/http-errors": "*", "@types/node": "*" } }, ""],

    "@types/multer/@types/express/@types/express-serve-static-core": ["@types/express-serve-static-core@5.1.3", "", { "dependencies": { "@types/node": "*", "@types/qs": "*", "@types/range-parser": "*", "@types/send": "*" } }, ""],

    "@types/multer/@types/express/@types/serve-static": ["@types/serve-static@2.2.0", "", { "dependencies": { "@types/http-errors": "*", "@types/node": "*" } }, ""],

    "@types/send/@types/node/undici-types": ["undici-types@8.9.0", "", {}, ""],

    "@types/serve-static/@types/node/undici-types": ["undici-types@8.9.0", "", {}, ""],

    "https-proxy-agent/debug/ms": ["ms@2.1.3", "", {}, ""],

    "protobufjs/@types/node/undici-types": ["undici-types@8.9.0", "", {}, ""],

    "tsx/esbuild/@esbuild/linux-x64": ["@esbuild/linux-x64@0.28.2", "", { "os": "linux", "cpu": "x64" }, ""],

    "@types/express-session/@types/express/@types/express-serve-static-core/@types/node": ["@types/node@26.6.2", "", { "dependencies": { "undici-types": "~8.9.0" } }, ""],

    "@types/express-session/@types/express/@types/serve-static/@types/node": ["@types/node@26.6.2", "", { "dependencies": { "undici-types": "~8.9.0" } }, ""],

    "@types/multer/@types/express/@types/express-serve-static-core/@types/node": ["@types/node@26.6.2", "", { "dependencies": { "undici-types": "~8.9.0" } }, ""],

    "@types/multer/@types/express/@types/serve-static/@types/node": ["@types/node@26.6.2", "", { "dependencies": { "undici-types": "~8.9.0" } }, ""],

    "@types/express-session/@types/express/@types/express-serve-static-core/@types/node/undici-types": ["undici-types@8.9.0", "", {}, ""],

    "@types/express-session/@types/express/@types/serve-static/@types/node/undici-types": ["undici-types@8.9.0", "", {}, ""],

    "@types/multer/@types/express/@types/express-serve-static-core/@types/node/undici-types": ["undici-types@8.9.0", "", {}, ""],

    "@types/multer/@types/express/@types/serve-static/@types/node/undici-types": ["undici-types@8.9.0", "", {}, ""],
  }
}
